version = 1
revision = 5
requires-python = ">=3.12"

[[package]]
name = "argparse"
version = "1.4.0"
source = { registry = "https://pypi.org/simple" }
sdist = { url = "https://files.pythonhosted.org/packages/18/dd/e617cfc3f6210ae183374cd9f6a26b20514bbb5a792af97949c5aacddf0f/argparse-1.4.0.tar.gz", hash = "sha256:62b089a55be1d8949cd2bc7e0df0bddb9e028faefc8c32038cc84862aefdd6e4", size = 70508, upload-time = "2015-09-12T20:22:16.217Z" }
wheels = [
    { url = "https://files.pythonhosted.org/packages/f2/94/3af39d34be01a24a6e65433d19e107099374224905f1e0cc6bbe1fd22a2f/argparse-1.4.0-py2.py3-none-any.whl", hash = "sha256:c31647edb69fd3d465a847ea3157d37bed1f95f19760b11a47aa91c04b666314", size = 23000, upload-time = "2015-09-14T16:03:16.137Z" },
]

[[package]]
name = "i-love-pdf"
version = "0.1.0"
source = { editable = "." }
dependencies = [
    { name = "argparse" },
    { name = "pypdf" },
]

[package.metadata]
requires-dist = [
    { name = "argparse", specifier = ">=1.4.0" },
    { name = "pypdf", specifier = ">=6.19.0" },
]

[[package]]
name = "pypdf"
version = "6.19.0"
source = { registry = "https://pypi.org/simple" }
sdist = { url = "https://files.pythonhosted.org/packages/1f/ac/63d71aaedb59acbcdef491e6ca6469165e3771c9c74358204818fd9bc5a6/pypdf-6.19.0.tar.gz", hash = "sha256:bbc43aca292369ccc6cbc8a921991ecf2538a3587ab5a116eff06c321d647155", size = 7033266, upload-time = "2026-09-16T09:32:05.946Z" }
wheels = [
    { url = "https://files.pythonhosted.org/packages/3c/2c/c43c03eaf630435f023f1dc61ec4a4a78951ad5530a62c71cc89bde307b7/pypdf-6.19.0-py3-none-any.whl", hash = "sha256:7e5d6e730e7dae87d560a2cee218b852f6498c8be61966f3cd02ead971e48d14", size = 395480, upload-time = "2026-09-16T09:32:04.087Z" },
]
